// !$*UTF8*$!
{
	archiveVersion = 1;
	classes = {
	};
	objectVersion = 56;
	objects = {

/* Begin PBXBuildFile section */
		120B31132CC8014400505688 /* AppDelegate.swift in Sources */ = {isa = PBXBuildFile; fileRef = 120B31122CC8014400505688 /* AppDelegate.swift */; };
		120B31152CC8014400505688 /* SceneDelegate.swift in Sources */ = {isa = PBXBuildFile; fileRef = 120B31142CC8014400505688 /* SceneDelegate.swift */; };
		120B311C2CC8014500505688 /* Assets.xcassets in Resources */ = {isa = PBXBuildFile; fileRef = 120B311B2CC8014500505688 /* Assets.xcassets */; };
		120B311F2CC8014500505688 /* Base in Resources */ = {isa = PBXBuildFile; fileRef = 120B311E2CC8014500505688 /* Base */; };
		120B31272CC804DE00505688 /* BookListVC.swift in Sources */ = {isa = PBXBuildFile; fileRef = 120B31262CC804DE00505688 /* BookListVC.swift */; };
		120B312C2CC8050900505688 /* Book.swift in Sources */ = {isa = PBXBuildFile; fileRef = 120B312B2CC8050900505688 /* Book.swift */; };
		120B312F2CC8094800505688 /* UIView+Ext.swift in Sources */ = {isa = PBXBuildFile; fileRef = 120B312E2CC8094800505688 /* UIView+Ext.swift */; };
		120B31312CC8107900505688 /* BookCell.swift in Sources */ = {isa = PBXBuildFile; fileRef = 120B31302CC8107900505688 /* BookCell.swift */; };
		125FB9A52CD4A16C00F235AB /* ViewController.swift in Sources */ = {isa = PBXBuildFile; fileRef = 125FB9A42CD4A16C00F235AB /* ViewController.swift */; };
/* End PBXBuildFile section */

/* Begin PBXFileReference section */
		120B310F2CC8014400505688 /* My Favourite Collection.app */ = {isa = PBXFileReference; explicitFileType = wrapper.application; includeInIndex = 0; path = "My Favourite Collection.app"; sourceTree = BUILT_PRODUCTS_DIR; };
		120B31122CC8014400505688 /* AppDelegate.swift */ = {isa = PBXFileReference; lastKnownFileType = sourcecode.swift; path = AppDelegate.swift; sourceTree = "<group>"; };
		120B31142CC8014400505688 /* SceneDelegate.swift */ = {isa = PBXFileReference; lastKnownFileType = sourcecode.swift; path = SceneDelegate.swift; sourceTree = "<group>"; };
		120B311B2CC8014500505688 /* Assets.xcassets */ = {isa = PBXFileReference; lastKnownFileType = folder.assetcatalog; path = Assets.xcassets; sourceTree = "<group>"; };
		120B311E2CC8014500505688 /* Base */ = {isa = PBXFileReference; lastKnownFileType = file.storyboard; name = Base; path = Base.lproj/LaunchScreen.storyboard; sourceTree = "<group>"; };
		120B31202CC8014500505688 /* Info.plist */ = {isa = PBXFileReference; lastKnownFileType = text.plist.xml; path = Info.plist; sourceTree = "<group>"; };
		120B31262CC804DE00505688 /* BookListVC.swift */ = {isa = PBXFileReference; lastKnownFileType = sourcecode.swift; path = BookListVC.swift; sourceTree = "<group>"; };
		120B312B2CC8050900505688 /* Book.swift */ = {isa = PBXFileReference; lastKnownFileType = sourcecode.swift; path = Book.swift; sourceTree = "<group>"; };
		120B312E2CC8094800505688 /* UIView+Ext.swift */ = {isa = PBXFileReference; lastKnownFileType = sourcecode.swift; path = "UIView+Ext.swift"; sourceTree = "<group>"; };
		120B31302CC8107900505688 /* BookCell.swift */ = {isa = PBXFileReference; lastKnownFileType = sourcecode.swift; path = BookCell.swift; sourceTree = "<group>"; };
		125FB9A42CD4A16C00F235AB /* ViewController.swift */ = {isa = PBXFileReference; lastKnownFileType = sourcecode.swift; path = ViewController.swift; sourceTree = "<group>"; };
/* End PBXFileReference section */

/* Begin PBXFrameworksBuildPhase section */
		120B310C2CC8014400505688 /* Frameworks */ = {
			isa = PBXFrameworksBuildPhase;
			buildActionMask = 2147483647;
			files = (
			);
			runOnlyForDeploymentPostprocessing = 0;
		};
/* End PBXFrameworksBuildPhase section */

/* Begin PBXGroup section */
		120B31062CC8014400505688 = {
			isa = PBXGroup;
			children = (
				120B31112CC8014400505688 /* My Favourite Collection */,
				120B31102CC8014400505688 /* Products */,
			);
			sourceTree = "<group>";
		};
		120B31102CC8014400505688 /* Products */ = {
			isa = PBXGroup;
			children = (
				120B310F2CC8014400505688 /* My Favourite Collection.app */,
			);
			name = Products;
			sourceTree = "<group>";
		};
		120B31112CC8014400505688 /* My Favourite Collection */ = {
			isa = PBXGroup;
			children = (
				120B312D2CC8092000505688 /* Extensions-Utilitis */,
				120B31122CC8014400505688 /* AppDelegate.swift */,
				120B31142CC8014400505688 /* SceneDelegate.swift */,
				120B312A2CC804FB00505688 /* Model */,
				120B31262CC804DE00505688 /* BookListVC.swift */,
				120B31302CC8107900505688 /* BookCell.swift */,
				125FB9A42CD4A16C00F235AB /* ViewController.swift */,
				120B311B2CC8014500505688 /* Assets.xcassets */,
				120B311D2CC8014500505688 /* LaunchScreen.storyboard */,
				120B31202CC8014500505688 /* Info.plist */,
			);
			path = "My Favourite Collection";
			sourceTree = "<group>";
		};
		120B312A2CC804FB00505688 /* Model */ = {
			isa = PBXGroup;
			children = (
				120B312B2CC8050900505688 /* Book.swift */,
			);
			path = Model;
			sourceTree = "<group>";
		};
		120B312D2CC8092000505688 /* Extensions-Utilitis */ = {
			isa = PBXGroup;
			children = (
				120B312E2CC8094800505688 /* UIView+Ext.swift */,
			);
			path = "Extensions-Utilitis";
			sourceTree = "<group>";
		};
/* End PBXGroup section */

/* Begin PBXNativeTarget section */
		120B310E2CC8014400505688 /* My Favourite Collection */ = {
			isa = PBXNativeTarget;
			buildConfigurationList = 120B31232CC8014500505688 /* Build configuration list for PBXNativeTarget "My Favourite Collection" */;
			buildPhases = (
				120B310B2CC8014400505688 /* Sources */,
				120B310C2CC8014400505688 /* Frameworks */,
				120B310D2CC8014400505688 /* Resources */,
			);
			buildRules = (
			);
			dependencies = (
			);
			name = "My Favourite Collection";
			productName = "My Favourite Collection";
			productReference = 120B310F2CC8014400505688 /* My Favourite Collection.app */;
			productType = "com.apple.product-type.application";
		};
/* End PBXNativeTarget section */

/* Begin PBXProject section */
		120B31072CC8014400505688 /* Project object */ = {
			isa = PBXProject;
			attributes = {
				BuildIndependentTargetsInParallel = 1;
				LastSwiftUpdateCheck = 1540;
				LastUpgradeCheck = 1540;
				TargetAttributes = {
					120B310E2CC8014400505688 = {
						CreatedOnToolsVersion = 15.4;
					};
				};
			};
			buildConfigurationList = 120B310A2CC8014400505688 /* Build configuration list for PBXProject "My Favourite Collection" */;
			compatibilityVersion = "Xcode 14.0";
			developmentRegion = en;
			hasScannedForEncodings = 0;
			knownRegions = (
				en,
				Base,
			);
			mainGroup = 120B31062CC8014400505688;
			productRefGroup = 120B31102CC8014400505688 /* Products */;
			projectDirPath = "";
			projectRoot = "";
			targets = (
				120B310E2CC8014400505688 /* My Favourite Collection */,
			);
		};
/* End PBXProject section */

/* Begin PBXResourcesBuildPhase section */
		120B310D2CC8014400505688 /* Resources */ = {
			isa = PBXResourcesBuildPhase;
			buildActionMask = 2147483647;
			files = (
				120B311C2CC8014500505688 /* Assets.xcassets in Resources */,
				120B311F2CC8014500505688 /* Base in Resources */,
			);
			runOnlyForDeploymentPostprocessing = 0;
		};
/* End PBXResourcesBuildPhase section */

/* Begin PBXSourcesBuildPhase section */
		120B310B2CC8014400505688 /* Sources */ = {
			isa = PBXSourcesBuildPhase;
			buildActionMask = 2147483647;
			files = (
				120B31132CC8014400505688 /* AppDelegate.swift in Sources */,
				120B31152CC8014400505688 /* SceneDelegate.swift in Sources */,
				120B312F2CC8094800505688 /* UIView+Ext.swift in Sources */,
				120B31312CC8107900505688 /* BookCell.swift in Sources */,
				125FB9A52CD4A16C00F235AB /* ViewController.swift in Sources */,
				120B312C2CC8050900505688 /* Book.swift in Sources */,
				120B31272CC804DE00505688 /* BookListVC.swift in Sources */,
			);
			runOnlyForDeploymentPostprocessing = 0;
		};
/* End PBXSourcesBuildPhase section */

/* Begin PBXVariantGroup section */
		120B311D2CC8014500505688 /* LaunchScreen.storyboard */ = {
			isa = PBXVariantGroup;
			children = (
				120B311E2CC8014500505688 /* Base */,
			);
			name = LaunchScreen.storyboard;
			sourceTree = "<group>";
		};
/* End PBXVariantGroup section */

/* Begin XCBuildConfiguration section */
		120B31212CC8014500505688 /* Debug */ = {
			isa = XCBuildConfiguration;
			buildSettings = {
				ALWAYS_SEARCH_USER_PATHS = NO;
				ASSETCATALOG_COMPILER_GENERATE_SWIFT_ASSET_SYMBOL_EXTENSIONS = YES;
				CLANG_ANALYZER_NONNULL = YES;
				CLANG_ANALYZER_NUMBER_OBJECT_CONVERSION = YES_AGGRESSIVE;
				CLANG_CXX_LANGUAGE_STANDARD = "gnu++20";
				CLANG_ENABLE_MODULES = YES;
				CLANG_ENABLE_OBJC_ARC = YES;
				CLANG_ENABLE_OBJC_WEAK = YES;
				CLANG_WARN_BLOCK_CAPTURE_AUTORELEASING = YES;
				CLANG_WARN_BOOL_CONVERSION = YES;
				CLANG_WARN_COMMA = YES;
				CLANG_WARN_CONSTANT_CONVERSION = YES;
				CLANG_WARN_DEPRECATED_OBJC_IMPLEMENTATIONS = YES;
				CLANG_WARN_DIRECT_OBJC_ISA_USAGE = YES_ERROR;
				CLANG_WARN_DOCUMENTATION_COMMENTS = YES;
				CLANG_WARN_EMPTY_BODY = YES;
				CLANG_WARN_ENUM_CONVERSION = YES;
				CLANG_WARN_INFINITE_RECURSION = YES;
				CLANG_WARN_INT_CONVERSION = YES;
				CLANG_WARN_NON_LITERAL_NULL_CONVERSION = YES;
				CLANG_WARN_OBJC_IMPLICIT_RETAIN_SELF = YES;
				CLANG_WARN_OBJC_LITERAL_CONVERSION = YES;
				CLANG_WARN_OBJC_ROOT_CLASS = YES_ERROR;
				CLANG_WARN_QUOTED_INCLUDE_IN_FRAMEWORK_HEADER = YES;
				CLANG_WARN_RANGE_LOOP_ANALYSIS = YES;
				CLANG_WARN_STRICT_PROTOTYPES = YES;
				CLANG_WARN_SUSPICIOUS_MOVE = YES;
				CLANG_WARN_UNGUARDED_AVAILABILITY = YES_AGGRESSIVE;
				CLANG_WARN_UNREACHABLE_CODE = YES;
				CLANG_WARN__DUPLICATE_METHOD_MATCH = YES;
				COPY_PHASE_STRIP = NO;
				DEBUG_INFORMATION_FORMAT = dwarf;
				ENABLE_STRICT_OBJC_MSGSEND = YES;
				ENABLE_TESTABILITY = YES;
				ENABLE_USER_SCRIPT_SANDBOXING = YES;
				GCC_C_LANGUAGE_STANDARD = gnu17;
				GCC_DYNAMIC_NO_PIC = NO;
				GCC_NO_COMMON_BLOCKS = YES;
				GCC_OPTIMIZATION_LEVEL = 0;
				GCC_PREPROCESSOR_DEFINITIONS = (
					"DEBUG=1",
					"$(inherited)",
				);
				GCC_WARN_64_TO_32_BIT_CONVERSION = YES;
				GCC_WARN_ABOUT_RETURN_TYPE = YES_ERROR;
				GCC_WARN_UNDECLARED_SELECTOR = YES;
				GCC_WARN_UNINITIALIZED_AUTOS = YES_AGGRESSIVE;
				GCC_WARN_UNUSED_FUNCTION = YES;
				GCC_WARN_UNUSED_VARIABLE = YES;
				IPHONEOS_DEPLOYMENT_TARGET = 17.5;
				LOCALIZATION_PREFERS_STRING_CATALOGS = YES;
				MTL_ENABLE_DEBUG_INFO = INCLUDE_SOURCE;
				MTL_FAST_MATH = YES;
				ONLY_ACTIVE_ARCH = YES;
				SDKROOT = iphoneos;
				SWIFT_ACTIVE_COMPILATION_CONDITIONS = "DEBUG $(inherited)";
				SWIFT_OPTIMIZATION_LEVEL = "-Onone";
			};
			name = Debug;
		};
		120B31222CC8014500505688 /* Release */ = {
			isa = XCBuildConfiguration;
			buildSettings = {
				ALWAYS_SEARCH_USER_PATHS = NO;
				ASSETCATALOG_COMPILER_GENERATE_SWIFT_ASSET_SYMBOL_EXTENSIONS = YES;
				CLANG_ANALYZER_NONNULL = YES;
				CLANG_ANALYZER_NUMBER_OBJECT_CONVERSION = YES_AGGRESSIVE;
				CLANG_CXX_LANGUAGE_STANDARD = "gnu++20";
				CLANG_ENABLE_MODULES = YES;
				CLANG_ENABLE_OBJC_ARC = YES;
				CLANG_ENABLE_OBJC_WEAK = YES;
				CLANG_WARN_BLOCK_CAPTURE_AUTORELEASING = YES;
				CLANG_WARN_BOOL_CONVERSION = YES;
				CLANG_WARN_COMMA = YES;
				CLANG_WARN_CONSTANT_CONVERSION = YES;
				CLANG_WARN_DEPRECATED_OBJC_IMPLEMENTATIONS = YES;
				CLANG_WARN_DIRECT_OBJC_ISA_USAGE = YES_ERROR;
				CLANG_WARN_DOCUMENTATION_COMMENTS = YES;
				CLANG_WARN_EMPTY_BODY = YES;
				CLANG_WARN_ENUM_CONVERSION = YES;
				CLANG_WARN_INFINITE_RECURSION = YES;
				CLANG_WARN_INT_CONVERSION = YES;
				CLANG_WARN_NON_LITERAL_NULL_CONVERSION = YES;
				CLANG_WARN_OBJC_IMPLICIT_RETAIN_SELF = YES;
				CLANG_WARN_OBJC_LITERAL_CONVERSION = YES;
				CLANG_WARN_OBJC_ROOT_CLASS = YES_ERROR;
				CLANG_WARN_QUOTED_INCLUDE_IN_FRAMEWORK_HEADER = YES;
				CLANG_WARN_RANGE_LOOP_ANALYSIS = YES;
				CLANG_WARN_STRICT_PROTOTYPES = YES;
				CLANG_WARN_SUSPICIOUS_MOVE = YES;
				CLANG_WARN_UNGUARDED_AVAILABILITY = YES_AGGRESSIVE;
				CLANG_WARN_UNREACHABLE_CODE = YES;
				CLANG_WARN__DUPLICATE_METHOD_MATCH = YES;
				COPY_PHASE_STRIP = NO;
				DEBUG_INFORMATION_FORMAT = "dwarf-with-dsym";
				ENABLE_NS_ASSERTIONS = NO;
				ENABLE_STRICT_OBJC_MSGSEND = YES;
				ENABLE_USER_SCRIPT_SANDBOXING = YES;
				GCC_C_LANGUAGE_STANDARD = gnu17;
				GCC_NO_COMMON_BLOCKS = YES;
				GCC_WARN_64_TO_32_BIT_CONVERSION = YES;
				GCC_WARN_ABOUT_RETURN_TYPE = YES_ERROR;
				GCC_WARN_UNDECLARED_SELECTOR = YES;
				GCC_WARN_UNINITIALIZED_AUTOS = YES_AGGRESSIVE;
				GCC_WARN_UNUSED_FUNCTION = YES;
				GCC_WARN_UNUSED_VARIABLE = YES;
				IPHONEOS_DEPLOYMENT_TARGET = 17.5;
				LOCALIZATION_PREFERS_STRING_CATALOGS = YES;
				MTL_ENABLE_DEBUG_INFO = NO;
				MTL_FAST_MATH = YES;
				SDKROOT = iphoneos;
				SWIFT_COMPILATION_MODE = wholemodule;
				VALIDATE_PRODUCT = YES;
			};
			name = Release;
		};
		120B31242CC8014500505688 /* Debug */ = {
			isa = XCBuildConfiguration;
			buildSettings = {
				ASSETCATALOG_COMPILER_APPICON_NAME = AppIcon;
				ASSETCATALOG_COMPILER_GLOBAL_ACCENT_COLOR_NAME = AccentColor;
				CODE_SIGN_STYLE = Automatic;
				CURRENT_PROJECT_VERSION = 1;
				DEVELOPMENT_TEAM = 3383BZV24G;
				GENERATE_INFOPLIST_FILE = YES;
				INFOPLIST_FILE = "My Favourite Collection/Info.plist";
				INFOPLIST_KEY_UIApplicationSupportsIndirectInputEvents = YES;
				INFOPLIST_KEY_UILaunchStoryboardName = LaunchScreen;
				INFOPLIST_KEY_UISupportedInterfaceOrientations_iPad = "UIInterfaceOrientationPortrait UIInterfaceOrientationPortraitUpsideDown UIInterfaceOrientationLandscapeLeft UIInterfaceOrientationLandscapeRight";
				INFOPLIST_KEY_UISupportedInterfaceOrientations_iPhone = "UIInterfaceOrientationPortrait UIInterfaceOrientationLandscapeLeft UIInterfaceOrientationLandscapeRight";
				LD_RUNPATH_SEARCH_PATHS = (
					"$(inherited)",
					"@executable_path/Frameworks",
				);
				MARKETING_VERSION = 1.0;
				PRODUCT_BUNDLE_IDENTIFIER = "com.alibaisholanov.My-Favourite-Collection";
				PRODUCT_NAME = "$(TARGET_NAME)";
				SWIFT_EMIT_LOC_STRINGS = YES;
				SWIFT_VERSION = 5.0;
				TARGETED_DEVICE_FAMILY = "1,2";
			};
			name = Debug;
		};
		120B31252CC8014500505688 /* Release */ = {
			isa = XCBuildConfiguration;
			buildSettings = {
				ASSETCATALOG_COMPILER_APPICON_NAME = AppIcon;
				ASSETCATALOG_COMPILER_GLOBAL_ACCENT_COLOR_NAME = AccentColor;
				CODE_SIGN_STYLE = Automatic;
				CURRENT_PROJECT_VERSION = 1;
				DEVELOPMENT_TEAM = 3383BZV24G;
				GENERATE_INFOPLIST_FILE = YES;
				INFOPLIST_FILE = "My Favourite Collection/Info.plist";
				INFOPLIST_KEY_UIApplicationSupportsIndirectInputEvents = YES;
				INFOPLIST_KEY_UILaunchStoryboardName = LaunchScreen;
				INFOPLIST_KEY_UISupportedInterfaceOrientations_iPad = "UIInterfaceOrientationPortrait UIInterfaceOrientationPortraitUpsideDown UIInterfaceOrientationLandscapeLeft UIInterfaceOrientationLandscapeRight";
				INFOPLIST_KEY_UISupportedInterfaceOrientations_iPhone = "UIInterfaceOrientationPortrait UIInterfaceOrientationLandscapeLeft UIInterfaceOrientationLandscapeRight";
				LD_RUNPATH_SEARCH_PATHS = (
					"$(inherited)",
					"@executable_path/Frameworks",
				);
				MARKETING_VERSION = 1.0;
				PRODUCT_BUNDLE_IDENTIFIER = "com.alibaisholanov.My-Favourite-Collection";
				PRODUCT_NAME = "$(TARGET_NAME)";
				SWIFT_EMIT_LOC_STRINGS = YES;
				SWIFT_VERSION = 5.0;
				TARGETED_DEVICE_FAMILY = "1,2";
			};
			name = Release;
		};
/* End XCBuildConfiguration section */

/* Begin XCConfigurationList section */
		120B310A2CC8014400505688 /* Build configuration list for PBXProject "My Favourite Collection" */ = {
			isa = XCConfigurationList;
			buildConfigurations = (
				120B31212CC8014500505688 /* Debug */,
				120B31222CC8014500505688 /* Release */,
			);
			defaultConfigurationIsVisible = 0;
			defaultConfigurationName = Release;
		};
		120B31232CC8014500505688 /* Build configuration list for PBXNativeTarget "My Favourite Collection" */ = {
			isa = XCConfigurationList;
			buildConfigurations = (
				120B31242CC8014500505688 /* Debug */,
				120B31252CC8014500505688 /* Release */,
			);
			defaultConfigurationIsVisible = 0;
			defaultConfigurationName = Release;
		};
/* End XCConfigurationList section */
	};
	rootObject = 120B31072CC8014400505688 /* Project object */;
}
